
Microsoft Visual Studio Solution File, Format Version 12.00
# Visual Studio Version 16
VisualStudioVersion = 16.0.30114.105
MinimumVisualStudioVersion = 10.0.40219.1
Project("{2150E333-8FDC-42A3-9474-1A3956D46DE8}") = "src", "src", "{E2E14073-3D22-4D17-9E00-DBE3115D805C}"
EndProject
Project("{2150E333-8FDC-42A3-9474-1A3956D46DE8}") = "tests", "tests", "{D36CD734-FF6C-4621-9CF7-6A36EF1A4FB9}"
EndProject
Project("{9A19103F-16F7-4668-BE54-9A1E7A4F7556}") = "Flow.Net.Sdk", "src\Flow.Net.SDK\Flow.Net.Sdk.csproj", "{0AE40DBB-2C8B-4926-8911-21BD4845F18E}"
EndProject
Project("{9A19103F-16F7-4668-BE54-9A1E7A4F7556}") = "Flow.Net.Sdk.Tests", "tests\Flow.Net.SDK.Tests\Flow.Net.Sdk.Tests.csproj", "{4F9BF861-3924-4B1A-86C8-815395F11518}"
EndProject
Project("{2150E333-8FDC-42A3-9474-1A3956D46DE8}") = "examples", "examples", "{19535CF0-5495-489A-B5E9-9728A99F0B5A}"
EndProject
Project("{FAE04EC0-301F-11D3-BF4B-00C04F79EFBC}") = "Flow.Net.Examples", "examples\Flow.Net.Examples\Flow.Net.Examples.csproj", "{00CA0544-AE4E-4697-9A23-67AF7CAB7F5E}"
EndProject
Global
	GlobalSection(SolutionConfigurationPlatforms) = preSolution
		Debug|Any CPU = Debug|Any CPU
		Release|Any CPU = Release|Any CPU
	EndGlobalSection
	GlobalSection(ProjectConfigurationPlatforms) = postSolution
		{0AE40DBB-2C8B-4926-8911-21BD4845F18E}.Debug|Any CPU.ActiveCfg = Debug|Any CPU
		{0AE40DBB-2C8B-4926-8911-21BD4845F18E}.Debug|Any CPU.Build.0 = Debug|Any CPU
		{0AE40DBB-2C8B-4926-8911-21BD4845F18E}.Release|Any CPU.ActiveCfg = Release|Any CPU
		{0AE40DBB-2C8B-4926-8911-21BD4845F18E}.Release|Any CPU.Build.0 = Release|Any CPU
		{4F9BF861-3924-4B1A-86C8-815395F11518}.Debug|Any CPU.ActiveCfg = Debug|Any CPU
		{4F9BF861-3924-4B1A-86C8-815395F11518}.Debug|Any CPU.Build.0 = Debug|Any CPU
		{4F9BF861-3924-4B1A-86C8-815395F11518}.Release|Any CPU.ActiveCfg = Release|Any CPU
		{4F9BF861-3924-4B1A-86C8-815395F11518}.Release|Any CPU.Build.0 = Release|Any CPU
		{00CA0544-AE4E-4697-9A23-67AF7CAB7F5E}.Debug|Any CPU.ActiveCfg = Debug|Any CPU
		{00CA0544-AE4E-4697-9A23-67AF7CAB7F5E}.Debug|Any CPU.Build.0 = Debug|Any CPU
		{00CA0544-AE4E-4697-9A23-67AF7CAB7F5E}.Release|Any CPU.ActiveCfg = Release|Any CPU
		{00CA0544-AE4E-4697-9A23-67AF7CAB7F5E}.Release|Any CPU.Build.0 = Release|Any CPU
	EndGlobalSection
	GlobalSection(SolutionProperties) = preSolution
		HideSolutionNode = FALSE
	EndGlobalSection
	GlobalSection(NestedProjects) = preSolution
		{0AE40DBB-2C8B-4926-8911-21BD4845F18E} = {E2E14073-3D22-4D17-9E00-DBE3115D805C}
		{4F9BF861-3924-4B1A-86C8-815395F11518} = {D36CD734-FF6C-4621-9CF7-6A36EF1A4FB9}
		{00CA0544-AE4E-4697-9A23-67AF7CAB7F5E} = {19535CF0-5495-489A-B5E9-9728A99F0B5A}
	EndGlobalSection
	GlobalSection(ExtensibilityGlobals) = postSolution
		SolutionGuid = {56496782-1B58-4E37-AD5D-96BCD1C91627}
	EndGlobalSection
EndGlobal
